
Microsoft Visual Studio Solution File, Format Version 12.00
# Visual Studio Version 17
VisualStudioVersion = 17.5.002.0
MinimumVisualStudioVersion = 10.0.40219.1
Project("{9A19103F-16F7-4668-BE54-9A1E7A4F7556}") = "BackendCarcassApi", "BackendCarcassApi\BackendCarcassApi.csproj", "{231EC213-C1C8-4756-9620-BA129A5DEB7A}"
EndProject
Project("{9A19103F-16F7-4668-BE54-9A1E7A4F7556}") = "CarcassDataSeeding", "CarcassDataSeeding\CarcassDataSeeding.csproj", "{C2A3AD67-1A59-4222-837D-74384C3522E4}"
EndProject
Project("{9A19103F-16F7-4668-BE54-9A1E7A4F7556}") = "CarcassDb", "CarcassDb\CarcassDb.csproj", "{FD65CC5C-E4CA-4038-A0CF-9316193D10C4}"
EndProject
Project("{9A19103F-16F7-4668-BE54-9A1E7A4F7556}") = "CarcassDom", "CarcassDom\CarcassDom.csproj", "{FB54D8D9-316A-4A7E-B6B8-A12E00963C70}"
EndProject
Project("{9A19103F-16F7-4668-BE54-9A1E7A4F7556}") = "CarcassIdentity", "CarcassIdentity\CarcassIdentity.csproj", "{CE09E25D-3E84-4185-AD58-618DCE99563B}"
EndProject
Project("{9A19103F-16F7-4668-BE54-9A1E7A4F7556}") = "CarcassMappers", "CarcassMappers\CarcassMappers.csproj", "{6A37924A-B274-4E4C-AB96-FC2F9A39EA2E}"
EndProject
Project("{9A19103F-16F7-4668-BE54-9A1E7A4F7556}") = "CarcassMasterDataDom", "CarcassMasterDataDom\CarcassMasterDataDom.csproj", "{07EBB0C5-5C9E-4489-BAF0-1A15BED11FC3}"
EndProject
Project("{9A19103F-16F7-4668-BE54-9A1E7A4F7556}") = "CarcassRepositories", "CarcassRepositories\CarcassRepositories.csproj", "{D0775874-366C-4D5D-89E6-07BB1ABF2EDF}"
EndProject
Project("{9A19103F-16F7-4668-BE54-9A1E7A4F7556}") = "CarcassRights", "CarcassRights\CarcassRights.csproj", "{BAE5F3DC-E37A-4A23-B705-5CD535133480}"
EndProject
Project("{9A19103F-16F7-4668-BE54-9A1E7A4F7556}") = "LibCrud", "LibCrud\LibCrud.csproj", "{97723F9C-FF04-4D3F-B23B-1D7352BE5771}"
EndProject
Global
	GlobalSection(SolutionConfigurationPlatforms) = preSolution
		Debug|Any CPU = Debug|Any CPU
		Release|Any CPU = Release|Any CPU
	EndGlobalSection
	GlobalSection(ProjectConfigurationPlatforms) = postSolution
		{231EC213-C1C8-4756-9620-BA129A5DEB7A}.Debug|Any CPU.ActiveCfg = Debug|Any CPU
		{231EC213-C1C8-4756-9620-BA129A5DEB7A}.Debug|Any CPU.Build.0 = Debug|Any CPU
		{231EC213-C1C8-4756-9620-BA129A5DEB7A}.Release|Any CPU.ActiveCfg = Release|Any CPU
		{231EC213-C1C8-4756-9620-BA129A5DEB7A}.Release|Any CPU.Build.0 = Release|Any CPU
		{C2A3AD67-1A59-4222-837D-74384C3522E4}.Debug|Any CPU.ActiveCfg = Debug|Any CPU
		{C2A3AD67-1A59-4222-837D-74384C3522E4}.Debug|Any CPU.Build.0 = Debug|Any CPU
		{C2A3AD67-1A59-4222-837D-74384C3522E4}.Release|Any CPU.ActiveCfg = Release|Any CPU
		{C2A3AD67-1A59-4222-837D-74384C3522E4}.Release|Any CPU.Build.0 = Release|Any CPU
		{FD65CC5C-E4CA-4038-A0CF-9316193D10C4}.Debug|Any CPU.ActiveCfg = Debug|Any CPU
		{FD65CC5C-E4CA-4038-A0CF-9316193D10C4}.Debug|Any CPU.Build.0 = Debug|Any CPU
		{FD65CC5C-E4CA-4038-A0CF-9316193D10C4}.Release|Any CPU.ActiveCfg = Release|Any CPU
		{FD65CC5C-E4CA-4038-A0CF-9316193D10C4}.Release|Any CPU.Build.0 = Release|Any CPU
		{FB54D8D9-316A-4A7E-B6B8-A12E00963C70}.Debug|Any CPU.ActiveCfg = Debug|Any CPU
		{FB54D8D9-316A-4A7E-B6B8-A12E00963C70}.Debug|Any CPU.Build.0 = Debug|Any CPU
		{FB54D8D9-316A-4A7E-B6B8-A12E00963C70}.Release|Any CPU.ActiveCfg = Release|Any CPU
		{FB54D8D9-316A-4A7E-B6B8-A12E00963C70}.Release|Any CPU.Build.0 = Release|Any CPU
		{CE09E25D-3E84-4185-AD58-618DCE99563B}.Debug|Any CPU.ActiveCfg = Debug|Any CPU
		{CE09E25D-3E84-4185-AD58-618DCE99563B}.Debug|Any CPU.Build.0 = Debug|Any CPU
		{CE09E25D-3E84-4185-AD58-618DCE99563B}.Release|Any CPU.ActiveCfg = Release|Any CPU
		{CE09E25D-3E84-4185-AD58-618DCE99563B}.Release|Any CPU.Build.0 = Release|Any CPU
		{6A37924A-B274-4E4C-AB96-FC2F9A39EA2E}.Debug|Any CPU.ActiveCfg = Debug|Any CPU
		{6A37924A-B274-4E4C-AB96-FC2F9A39EA2E}.Debug|Any CPU.Build.0 = Debug|Any CPU
		{6A37924A-B274-4E4C-AB96-FC2F9A39EA2E}.Release|Any CPU.ActiveCfg = Release|Any CPU
		{6A37924A-B274-4E4C-AB96-FC2F9A39EA2E}.Release|Any CPU.Build.0 = Release|Any CPU
		{07EBB0C5-5C9E-4489-BAF0-1A15BED11FC3}.Debug|Any CPU.ActiveCfg = Debug|Any CPU
		{07EBB0C5-5C9E-4489-BAF0-1A15BED11FC3}.Debug|Any CPU.Build.0 = Debug|Any CPU
		{07EBB0C5-5C9E-4489-BAF0-1A15BED11FC3}.Release|Any CPU.ActiveCfg = Release|Any CPU
		{07EBB0C5-5C9E-4489-BAF0-1A15BED11FC3}.Release|Any CPU.Build.0 = Release|Any CPU
		{D0775874-366C-4D5D-89E6-07BB1ABF2EDF}.Debug|Any CPU.ActiveCfg = Debug|Any CPU
		{D0775874-366C-4D5D-89E6-07BB1ABF2EDF}.Debug|Any CPU.Build.0 = Debug|Any CPU
		{D0775874-366C-4D5D-89E6-07BB1ABF2EDF}.Release|Any CPU.ActiveCfg = Release|Any CPU
		{D0775874-366C-4D5D-89E6-07BB1ABF2EDF}.Release|Any CPU.Build.0 = Release|Any CPU
		{BAE5F3DC-E37A-4A23-B705-5CD535133480}.Debug|Any CPU.ActiveCfg = Debug|Any CPU
		{BAE5F3DC-E37A-4A23-B705-5CD535133480}.Debug|Any CPU.Build.0 = Debug|Any CPU
		{BAE5F3DC-E37A-4A23-B705-5CD535133480}.Release|Any CPU.ActiveCfg = Release|Any CPU
		{BAE5F3DC-E37A-4A23-B705-5CD535133480}.Release|Any CPU.Build.0 = Release|Any CPU
		{97723F9C-FF04-4D3F-B23B-1D7352BE5771}.Debug|Any CPU.ActiveCfg = Debug|Any CPU
		{97723F9C-FF04-4D3F-B23B-1D7352BE5771}.Debug|Any CPU.Build.0 = Debug|Any CPU
		{97723F9C-FF04-4D3F-B23B-1D7352BE5771}.Release|Any CPU.ActiveCfg = Release|Any CPU
		{97723F9C-FF04-4D3F-B23B-1D7352BE5771}.Release|Any CPU.Build.0 = Release|Any CPU
	EndGlobalSection
	GlobalSection(SolutionProperties) = preSolution
		HideSolutionNode = FALSE
	EndGlobalSection
	GlobalSection(ExtensibilityGlobals) = postSolution
		SolutionGuid = {2DD1A386-18C2-48AB-9F2E-3E5212DD12F0}
	EndGlobalSection
EndGlobal
