<Solution>
  <Folder Name="/BackendCarcassShared/">
    <Project Path="../BackendCarcassShared/BackendCarcassContracts/BackendCarcassContracts.csproj" />
  </Folder>
  <Folder Name="/Solution Items/">
    <File Path=".editorconfig" />
    <File Path="Directory.Build.props" />
    <File Path="Directory.Packages.props" />
  </Folder>
  <Folder Name="/SystemTools/">
    <Project Path="../SystemTools/ApiContracts/ApiContracts.csproj" />
    <Project Path="../SystemTools/DomainShared/DomainShared.csproj" />
    <Project Path="../SystemTools/MediatRMessagingAbstractions/MediatRMessagingAbstractions.csproj" />
    <Project Path="../SystemTools/ReCounterContracts/ReCounterContracts.csproj" />
    <Project Path="../SystemTools/SystemToolsShared/SystemToolsShared.csproj" />
  </Folder>
  <Folder Name="/WebSystemTools/">
    <Project Path="../WebSystemTools/CorsTools/CorsTools.csproj" />
  </Folder>
  <Project Path="BackendCarcassApi/BackendCarcassApi.csproj" />
  <Project Path="Carcass.Application/Carcass.Application.csproj" />
  <Project Path="Carcass.Database/Carcass.Database.csproj" />
  <Project Path="CarcassDb/CarcassDb.csproj" />
  <Project Path="CarcassFilterSort/CarcassFilterSort.csproj" />
  <Project Path="CarcassIdentity/CarcassIdentity.csproj" />
  <Project Path="CarcassMappers/CarcassMappers.csproj" />
  <Project Path="CarcassMasterData/CarcassMasterData.csproj" />
  <Project Path="CarcassRepositories/CarcassRepositories.csproj" />
  <Project Path="CarcassRights/CarcassRights.csproj" />
  <Project Path="LibCrud/LibCrud.csproj" />
</Solution>
